<?xml version="1.0" encoding="utf-8"?>
<Project ToolsVersion="4.0" xmlns="http://schemas.microsoft.com/developer/msbuild/2003">
  <ItemGroup>
    <Filter Include="Source Files">
      <UniqueIdentifier>{4FC737F1-C7A5-4376-A066-2A32D752A2FF}</UniqueIdentifier>
      <Extensions>cpp;c;cc;cxx;def;odl;idl;hpj;bat;asm;asmx</Extensions>
    </Filter>
    <Filter Include="Header Files">
      <UniqueIdentifier>{93995380-89BD-4b04-88EB-625FBE52EBFB}</UniqueIdentifier>
      <Extensions>h;hpp;hxx;hm;inl;inc;xsd</Extensions>
    </Filter>
    <Filter Include="Resource Files">
      <UniqueIdentifier>{67DA6AB6-F800-4c08-8B7A-83BB121AAD01}</UniqueIdentifier>
      <Extensions>rc;ico;cur;bmp;dlg;rc2;rct;bin;rgs;gif;jpg;jpeg;jpe;resx;tiff;tif;png;wav;mfcribbon-ms</Extensions>
    </Filter>
    <Filter Include="Source Files\Bullet">
      <UniqueIdentifier>{1fdafe5f-be7c-4b12-be1d-fbdb5e050090}</UniqueIdentifier>
    </Filter>
    <Filter Include="Header Files\Bullet">
      <UniqueIdentifier>{8ef2811f-276d-47ad-ba08-22443e887aa7}</UniqueIdentifier>
    </Filter>
    <Filter Include="Header Files\Navigation">
      <UniqueIdentifier>{120da967-002c-4efd-abd2-6851589e3a7b}</UniqueIdentifier>
    </Filter>
    <Filter Include="Source Files\Navigation">
      <UniqueIdentifier>{acc22601-3105-4669-bd10-9bf7ff046f33}</UniqueIdentifier>
    </Filter>
    <Filter Include="Header Files\Rendering">
      <UniqueIdentifier>{48a47471-89bc-4839-a2a4-a496d78ffac1}</UniqueIdentifier>
    </Filter>
    <Filter Include="Header Files\Core">
      <UniqueIdentifier>{e656e179-349c-4aa1-a010-5e65865f2750}</UniqueIdentifier>
    </Filter>
    <Filter Include="Header Files\Rendering\Resources">
      <UniqueIdentifier>{7e362ae9-3c2f-4738-bdae-0d43980f57ea}</UniqueIdentifier>
    </Filter>
    <Filter Include="Source Files\Rendering">
      <UniqueIdentifier>{745f9c0b-59ad-44c5-8f87-c8ad534d500d}</UniqueIdentifier>
    </Filter>
    <Filter Include="Source Files\Rendering\Resources">
      <UniqueIdentifier>{e2a0efd5-4920-4e93-ac67-0da43640a05d}</UniqueIdentifier>
    </Filter>
    <Filter Include="Header Files\FMOD">
      <UniqueIdentifier>{045e9f60-8a5b-4103-8627-6fefe4f9c805}</UniqueIdentifier>
    </Filter>
    <Filter Include="Source Files\FMOD">
      <UniqueIdentifier>{e64661df-6d07-4551-9e44-715f95116f15}</UniqueIdentifier>
    </Filter>
    <Filter Include="Header Files\Rendering\Buffer">
      <UniqueIdentifier>{5fa0d48a-0ee4-49f3-af16-e9c4a28fb7a7}</UniqueIdentifier>
    </Filter>
    <Filter Include="Source Files\Rendering\Buffer">
      <UniqueIdentifier>{1a9ff146-45af-4a1c-9812-d26f4db0f976}</UniqueIdentifier>
    </Filter>
  </ItemGroup>
  <ItemGroup>
    <ClCompile Include="..\src\MAE\Main.cpp">
      <Filter>Source Files</Filter>
    </ClCompile>
    <ClCompile Include="..\src\MAE\Bullet\Bullet.cpp">
      <Filter>Source Files\Bullet</Filter>
    </ClCompile>
    <ClCompile Include="..\src\MAE\Bullet\BulletDebugDraw.cpp">
      <Filter>Source Files\Bullet</Filter>
    </ClCompile>
    <ClCompile Include="..\src\MAE\Navigation\Navigation.cpp">
      <Filter>Source Files\Navigation</Filter>
    </ClCompile>
    <ClCompile Include="..\src\MAE\Navigation\NavMeshDebugDraw.cpp">
      <Filter>Source Files\Navigation</Filter>
    </ClCompile>
    <ClCompile Include="..\src\MAE\Rendering\ModelMD2.cpp">
      <Filter>Source Files\Rendering</Filter>
    </ClCompile>
    <ClCompile Include="..\src\MAE\Rendering\ModelMPM.cpp">
      <Filter>Source Files\Rendering</Filter>
    </ClCompile>
    <ClCompile Include="..\src\MAE\Rendering\ModelX.cpp">
      <Filter>Source Files\Rendering</Filter>
    </ClCompile>
    <ClCompile Include="..\src\MAE\Rendering\ParticleEmitter.cpp">
      <Filter>Source Files\Rendering</Filter>
    </ClCompile>
    <ClCompile Include="..\src\MAE\Rendering\ParticleModifier.cpp">
      <Filter>Source Files\Rendering</Filter>
    </ClCompile>
    <ClCompile Include="..\src\MAE\Rendering\ParticleSystem.cpp">
      <Filter>Source Files\Rendering</Filter>
    </ClCompile>
    <ClCompile Include="..\src\MAE\Rendering\Resources\Shader.cpp">
      <Filter>Source Files\Rendering\Resources</Filter>
    </ClCompile>
    <ClCompile Include="..\src\MAE\Rendering\Resources\Texture.cpp">
      <Filter>Source Files\Rendering\Resources</Filter>
    </ClCompile>
    <ClCompile Include="..\src\MAE\FMOD\CFmod.cpp">
      <Filter>Source Files\FMOD</Filter>
    </ClCompile>
    <ClCompile Include="..\src\MAE\FMOD\CFmodChannel.cpp">
      <Filter>Source Files\FMOD</Filter>
    </ClCompile>
    <ClCompile Include="..\src\MAE\FMOD\CFmodDSP.cpp">
      <Filter>Source Files\FMOD</Filter>
    </ClCompile>
    <ClCompile Include="..\src\MAE\FMOD\CFmodSound.cpp">
      <Filter>Source Files\FMOD</Filter>
    </ClCompile>
    <ClCompile Include="..\src\MAE\Rendering\Renderer.cpp">
      <Filter>Source Files\Rendering</Filter>
    </ClCompile>
    <ClCompile Include="..\src\MAE\Rendering\VertexData.cpp">
      <Filter>Source Files\Rendering</Filter>
    </ClCompile>
    <ClCompile Include="..\src\MAE\Rendering\Buffer\VertexBuffer.cpp">
      <Filter>Source Files\Rendering\Buffer</Filter>
    </ClCompile>
    <ClCompile Include="..\src\MAE\Rendering\Buffer\IndexBuffer.cpp">
      <Filter>Source Files\Rendering\Buffer</Filter>
    </ClCompile>
  </ItemGroup>
  <ItemGroup>
    <ClInclude Include="..\src\MAE\Main.h">
      <Filter>Header Files</Filter>
    </ClInclude>
    <ClInclude Include="..\src\MAE\MainImpl.h">
      <Filter>Header Files</Filter>
    </ClInclude>
    <ClInclude Include="..\src\MAE\Bullet\Bullet.h">
      <Filter>Header Files\Bullet</Filter>
    </ClInclude>
    <ClInclude Include="..\src\MAE\Bullet\BulletDebugDraw.h">
      <Filter>Header Files\Bullet</Filter>
    </ClInclude>
    <ClInclude Include="..\src\MAE\Navigation\Navigation.h">
      <Filter>Header Files\Navigation</Filter>
    </ClInclude>
    <ClInclude Include="..\src\MAE\Navigation\NavMeshDebugDraw.h">
      <Filter>Header Files\Navigation</Filter>
    </ClInclude>
    <ClInclude Include="..\src\MAE\Rendering\Mesh.h">
      <Filter>Header Files\Rendering</Filter>
    </ClInclude>
    <ClInclude Include="..\src\MAE\Rendering\ModelMD2.h">
      <Filter>Header Files\Rendering</Filter>
    </ClInclude>
    <ClInclude Include="..\src\MAE\Rendering\ModelMPM.h">
      <Filter>Header Files\Rendering</Filter>
    </ClInclude>
    <ClInclude Include="..\src\MAE\Rendering\ModelX.h">
      <Filter>Header Files\Rendering</Filter>
    </ClInclude>
    <ClInclude Include="..\src\MAE\Rendering\Particle.h">
      <Filter>Header Files\Rendering</Filter>
    </ClInclude>
    <ClInclude Include="..\src\MAE\Rendering\ParticleEmitter.h">
      <Filter>Header Files\Rendering</Filter>
    </ClInclude>
    <ClInclude Include="..\src\MAE\Rendering\ParticleModifier.h">
      <Filter>Header Files\Rendering</Filter>
    </ClInclude>
    <ClInclude Include="..\src\MAE\Rendering\ParticleSystem.h">
      <Filter>Header Files\Rendering</Filter>
    </ClInclude>
    <ClInclude Include="..\src\MAE\Rendering\Resources\Shader.h">
      <Filter>Header Files\Rendering\Resources</Filter>
    </ClInclude>
    <ClInclude Include="..\src\MAE\Rendering\Resources\ShaderImpl.h">
      <Filter>Header Files\Rendering\Resources</Filter>
    </ClInclude>
    <ClInclude Include="..\src\MAE\Rendering\Resources\Texture.h">
      <Filter>Header Files\Rendering\Resources</Filter>
    </ClInclude>
    <ClInclude Include="..\src\MAE\Rendering\Resources\TextureImpl.h">
      <Filter>Header Files\Rendering\Resources</Filter>
    </ClInclude>
    <ClInclude Include="..\src\MAE\Core\Math.h">
      <Filter>Header Files\Core</Filter>
    </ClInclude>
    <ClInclude Include="..\src\MAE\Core\Types.h">
      <Filter>Header Files\Core</Filter>
    </ClInclude>
    <ClInclude Include="..\src\MAE\FMOD\CFmod.h">
      <Filter>Header Files\FMOD</Filter>
    </ClInclude>
    <ClInclude Include="..\src\MAE\Core\UnorderedVector.h">
      <Filter>Header Files\Core</Filter>
    </ClInclude>
    <ClInclude Include="..\src\MAE\Core\Utils.h">
      <Filter>Header Files\Core</Filter>
    </ClInclude>
    <ClInclude Include="..\src\MAE\Rendering\Renderer.h">
      <Filter>Header Files\Rendering</Filter>
    </ClInclude>
    <ClInclude Include="..\src\MAE\Rendering\RendererImpl.h">
      <Filter>Header Files\Rendering</Filter>
    </ClInclude>
    <ClInclude Include="..\src\MAE\Rendering\VertexDataImpl.h">
      <Filter>Header Files\Rendering</Filter>
    </ClInclude>
    <ClInclude Include="..\src\MAE\Rendering\VertexData.h">
      <Filter>Header Files\Rendering</Filter>
    </ClInclude>
    <ClInclude Include="..\src\MAE\Rendering\Buffer\Batch.h">
      <Filter>Header Files\Rendering\Buffer</Filter>
    </ClInclude>
    <ClInclude Include="..\src\MAE\Rendering\Buffer\IndexBuffer.h">
      <Filter>Header Files\Rendering\Buffer</Filter>
    </ClInclude>
    <ClInclude Include="..\src\MAE\Rendering\Buffer\IndexBufferImpl.h">
      <Filter>Header Files\Rendering\Buffer</Filter>
    </ClInclude>
    <ClInclude Include="..\src\MAE\Rendering\Buffer\VertexBuffer.h">
      <Filter>Header Files\Rendering\Buffer</Filter>
    </ClInclude>
    <ClInclude Include="..\src\MAE\Rendering\Buffer\VertexBufferImpl.h">
      <Filter>Header Files\Rendering\Buffer</Filter>
    </ClInclude>
    <ClInclude Include="..\src\MAE\Core\Deletable.h">
      <Filter>Header Files\Core</Filter>
    </ClInclude>
    <ClInclude Include="..\src\MAE\Core\Color.h">
      <Filter>Header Files\Core</Filter>
    </ClInclude>
    <ClInclude Include="..\src\MAE\Core\Mat.h">
      <Filter>Header Files\Core</Filter>
    </ClInclude>
    <ClInclude Include="..\src\MAE\Core\Quat.h">
      <Filter>Header Files\Core</Filter>
    </ClInclude>
    <ClInclude Include="..\src\MAE\Core\Vec.h">
      <Filter>Header Files\Core</Filter>
    </ClInclude>
  </ItemGroup>
</Project>